
Microsoft Visual Studio Solution File, Format Version 12.00
Project("{FAE04EC0-301F-11D3-BF4B-00C04F79EFBC}") = "PollingSystem.Entities", "PollingSystem.Entities\PollingSystem.Entities.csproj", "{1956B84D-5A60-4204-A559-73C4BA5BCB62}"
EndProject
Project("{FAE04EC0-301F-11D3-BF4B-00C04F79EFBC}") = "PollingSystem.ConsoleClient", "PollingSystem.ConsoleClient\PollingSystem.ConsoleClient.csproj", "{1A49912B-3072-48C6-BC3F-C6BE409773FB}"
EndProject
Global
	GlobalSection(SolutionConfigurationPlatforms) = preSolution
		Debug|Any CPU = Debug|Any CPU
		Release|Any CPU = Release|Any CPU
	EndGlobalSection
	GlobalSection(ProjectConfigurationPlatforms) = postSolution
		{1956B84D-5A60-4204-A559-73C4BA5BCB62}.Debug|Any CPU.ActiveCfg = Debug|Any CPU
		{1956B84D-5A60-4204-A559-73C4BA5BCB62}.Debug|Any CPU.Build.0 = Debug|Any CPU
		{1956B84D-5A60-4204-A559-73C4BA5BCB62}.Release|Any CPU.ActiveCfg = Release|Any CPU
		{1956B84D-5A60-4204-A559-73C4BA5BCB62}.Release|Any CPU.Build.0 = Release|Any CPU
		{1A49912B-3072-48C6-BC3F-C6BE409773FB}.Debug|Any CPU.ActiveCfg = Debug|Any CPU
		{1A49912B-3072-48C6-BC3F-C6BE409773FB}.Debug|Any CPU.Build.0 = Debug|Any CPU
		{1A49912B-3072-48C6-BC3F-C6BE409773FB}.Release|Any CPU.ActiveCfg = Release|Any CPU
		{1A49912B-3072-48C6-BC3F-C6BE409773FB}.Release|Any CPU.Build.0 = Release|Any CPU
	EndGlobalSection
EndGlobal
